// !$*UTF8*$!
{
	archiveVersion = 1;
	classes = {
	};
	objectVersion = 46;
	objects = {

/* Begin PBXBuildFile section */
		36075EFB2182FBE6007013E7 /* RCTBarcodeScanViewManager.m in Sources */ = {isa = PBXBuildFile; fileRef = 36075EFA2182FBE6007013E7 /* RCTBarcodeScanViewManager.m */; };
		3627C8292186BC7400D793B2 /* RCTBarcodeScanView.m in Sources */ = {isa = PBXBuildFile; fileRef = 3627C8282186BC7400D793B2 /* RCTBarcodeScanView.m */; };
		3670C2102181724A00A912D0 /* ZBarDecoder.m in Sources */ = {isa = PBXBuildFile; fileRef = 3670C20C2181724A00A912D0 /* ZBarDecoder.m */; };
		3670C2122181724A00A912D0 /* Result.m in Sources */ = {isa = PBXBuildFile; fileRef = 3670C20E2181724A00A912D0 /* Result.m */; };
		3670C47F2181B31500A912D0 /* libzbar.a in Frameworks */ = {isa = PBXBuildFile; fileRef = 3670C4622181B31500A912D0 /* libzbar.a */; };
		36D4AF87218984970079E106 /* AVFormat.m in Sources */ = {isa = PBXBuildFile; fileRef = 36D4AF86218984970079E106 /* AVFormat.m */; };
		36EE91D32182B1D000FA342B /* ImageUtils.m in Sources */ = {isa = PBXBuildFile; fileRef = 36EE91D22182B1D000FA342B /* ImageUtils.m */; };
		B3E7B58A1CC2AC0600A0062D /* RCTBarcode.m in Sources */ = {isa = PBXBuildFile; fileRef = B3E7B5891CC2AC0600A0062D /* RCTBarcode.m */; };
/* End PBXBuildFile section */

/* Begin PBXCopyFilesBuildPhase section */
		58B511D91A9E6C8500147676 /* CopyFiles */ = {
			isa = PBXCopyFilesBuildPhase;
			buildActionMask = 2147483647;
			dstPath = "include/$(PRODUCT_NAME)";
			dstSubfolderSpec = 16;
			files = (
			);
			runOnlyForDeploymentPostprocessing = 0;
		};
/* End PBXCopyFilesBuildPhase section */

/* Begin PBXFileReference section */
		134814201AA4EA6300B7C361 /* libRCTBarcode.a */ = {isa = PBXFileReference; explicitFileType = archive.ar; includeInIndex = 0; path = libRCTBarcode.a; sourceTree = BUILT_PRODUCTS_DIR; };
		36075EFA2182FBE6007013E7 /* RCTBarcodeScanViewManager.m */ = {isa = PBXFileReference; lastKnownFileType = sourcecode.c.objc; path = RCTBarcodeScanViewManager.m; sourceTree = "<group>"; };
		3627C8272186BC6500D793B2 /* RCTBarcodeScanView.h */ = {isa = PBXFileReference; lastKnownFileType = sourcecode.c.h; path = RCTBarcodeScanView.h; sourceTree = "<group>"; };
		3627C8282186BC7400D793B2 /* RCTBarcodeScanView.m */ = {isa = PBXFileReference; lastKnownFileType = sourcecode.c.objc; path = RCTBarcodeScanView.m; sourceTree = "<group>"; };
		3670C2082181724A00A912D0 /* ZBarDecoder.h */ = {isa = PBXFileReference; fileEncoding = 4; lastKnownFileType = sourcecode.c.h; path = ZBarDecoder.h; sourceTree = "<group>"; };
		3670C20A2181724A00A912D0 /* Result.h */ = {isa = PBXFileReference; fileEncoding = 4; lastKnownFileType = sourcecode.c.h; path = Result.h; sourceTree = "<group>"; };
		3670C20C2181724A00A912D0 /* ZBarDecoder.m */ = {isa = PBXFileReference; fileEncoding = 4; lastKnownFileType = sourcecode.c.objc; path = ZBarDecoder.m; sourceTree = "<group>"; };
		3670C20E2181724A00A912D0 /* Result.m */ = {isa = PBXFileReference; fileEncoding = 4; lastKnownFileType = sourcecode.c.objc; path = Result.m; sourceTree = "<group>"; };
		3670C4622181B31500A912D0 /* libzbar.a */ = {isa = PBXFileReference; lastKnownFileType = archive.ar; path = libzbar.a; sourceTree = "<group>"; };
		3670C4642181B31500A912D0 /* zbar-helpicons.png */ = {isa = PBXFileReference; lastKnownFileType = image.png; path = "zbar-helpicons.png"; sourceTree = "<group>"; };
		3670C4652181B31500A912D0 /* zbar-samples.png */ = {isa = PBXFileReference; lastKnownFileType = image.png; path = "zbar-samples.png"; sourceTree = "<group>"; };
		3670C4662181B31500A912D0 /* zbar-help.html */ = {isa = PBXFileReference; fileEncoding = 4; lastKnownFileType = text.html; path = "zbar-help.html"; sourceTree = "<group>"; };
		3670C4672181B31500A912D0 /* zbar-back.png */ = {isa = PBXFileReference; lastKnownFileType = image.png; path = "zbar-back.png"; sourceTree = "<group>"; };
		3670C46A2181B31500A912D0 /* ZBarCaptureReader.h */ = {isa = PBXFileReference; fileEncoding = 4; lastKnownFileType = sourcecode.c.h; path = ZBarCaptureReader.h; sourceTree = "<group>"; };
		3670C46B2181B31500A912D0 /* ZBarImage.h */ = {isa = PBXFileReference; fileEncoding = 4; lastKnownFileType = sourcecode.c.h; path = ZBarImage.h; sourceTree = "<group>"; };
		3670C46D2181B31500A912D0 /* Processor.h */ = {isa = PBXFileReference; fileEncoding = 4; lastKnownFileType = sourcecode.c.h; path = Processor.h; sourceTree = "<group>"; };
		3670C46E2181B31500A912D0 /* Symbol.h */ = {isa = PBXFileReference; fileEncoding = 4; lastKnownFileType = sourcecode.c.h; path = Symbol.h; sourceTree = "<group>"; };
		3670C46F2181B31500A912D0 /* Decoder.h */ = {isa = PBXFileReference; fileEncoding = 4; lastKnownFileType = sourcecode.c.h; path = Decoder.h; sourceTree = "<group>"; };
		3670C4702181B31500A912D0 /* Window.h */ = {isa = PBXFileReference; fileEncoding = 4; lastKnownFileType = sourcecode.c.h; path = Window.h; sourceTree = "<group>"; };
		3670C4712181B31500A912D0 /* ImageScanner.h */ = {isa = PBXFileReference; fileEncoding = 4; lastKnownFileType = sourcecode.c.h; path = ImageScanner.h; sourceTree = "<group>"; };
		3670C4722181B31500A912D0 /* Scanner.h */ = {isa = PBXFileReference; fileEncoding = 4; lastKnownFileType = sourcecode.c.h; path = Scanner.h; sourceTree = "<group>"; };
		3670C4732181B31500A912D0 /* Video.h */ = {isa = PBXFileReference; fileEncoding = 4; lastKnownFileType = sourcecode.c.h; path = Video.h; sourceTree = "<group>"; };
		3670C4742181B31500A912D0 /* Exception.h */ = {isa = PBXFileReference; fileEncoding = 4; lastKnownFileType = sourcecode.c.h; path = Exception.h; sourceTree = "<group>"; };
		3670C4752181B31500A912D0 /* Image.h */ = {isa = PBXFileReference; fileEncoding = 4; lastKnownFileType = sourcecode.c.h; path = Image.h; sourceTree = "<group>"; };
		3670C4762181B31500A912D0 /* ZBarReaderController.h */ = {isa = PBXFileReference; fileEncoding = 4; lastKnownFileType = sourcecode.c.h; path = ZBarReaderController.h; sourceTree = "<group>"; };
		3670C4772181B31500A912D0 /* ZBarReaderView.h */ = {isa = PBXFileReference; fileEncoding = 4; lastKnownFileType = sourcecode.c.h; path = ZBarReaderView.h; sourceTree = "<group>"; };
		3670C4782181B31500A912D0 /* ZBarHelpController.h */ = {isa = PBXFileReference; fileEncoding = 4; lastKnownFileType = sourcecode.c.h; path = ZBarHelpController.h; sourceTree = "<group>"; };
		3670C4792181B31500A912D0 /* zbar.h */ = {isa = PBXFileReference; fileEncoding = 4; lastKnownFileType = sourcecode.c.h; path = zbar.h; sourceTree = "<group>"; };
		3670C47A2181B31500A912D0 /* ZBarCameraSimulator.h */ = {isa = PBXFileReference; fileEncoding = 4; lastKnownFileType = sourcecode.c.h; path = ZBarCameraSimulator.h; sourceTree = "<group>"; };
		3670C47B2181B31500A912D0 /* ZBarSymbol.h */ = {isa = PBXFileReference; fileEncoding = 4; lastKnownFileType = sourcecode.c.h; path = ZBarSymbol.h; sourceTree = "<group>"; };
		3670C47C2181B31500A912D0 /* ZBarImageScanner.h */ = {isa = PBXFileReference; fileEncoding = 4; lastKnownFileType = sourcecode.c.h; path = ZBarImageScanner.h; sourceTree = "<group>"; };
		3670C47D2181B31500A912D0 /* ZBarSDK.h */ = {isa = PBXFileReference; fileEncoding = 4; lastKnownFileType = sourcecode.c.h; path = ZBarSDK.h; sourceTree = "<group>"; };
		3670C47E2181B31500A912D0 /* ZBarReaderViewController.h */ = {isa = PBXFileReference; fileEncoding = 4; lastKnownFileType = sourcecode.c.h; path = ZBarReaderViewController.h; sourceTree = "<group>"; };
		3670C4AA2181BB7400A912D0 /* Error.h */ = {isa = PBXFileReference; lastKnownFileType = sourcecode.c.h; path = Error.h; sourceTree = "<group>"; };
		36D4AF85218984620079E106 /* AVFormat.h */ = {isa = PBXFileReference; lastKnownFileType = sourcecode.c.h; path = AVFormat.h; sourceTree = "<group>"; };
		36D4AF86218984970079E106 /* AVFormat.m */ = {isa = PBXFileReference; lastKnownFileType = sourcecode.c.objc; path = AVFormat.m; sourceTree = "<group>"; };
		36EE91D12182B18800FA342B /* ImageUtils.h */ = {isa = PBXFileReference; lastKnownFileType = sourcecode.c.h; path = ImageUtils.h; sourceTree = "<group>"; };
		36EE91D22182B1D000FA342B /* ImageUtils.m */ = {isa = PBXFileReference; lastKnownFileType = sourcecode.c.objc; path = ImageUtils.m; sourceTree = "<group>"; };
		B3E7B5891CC2AC0600A0062D /* RCTBarcode.m */ = {isa = PBXFileReference; fileEncoding = 4; lastKnownFileType = sourcecode.c.objc; path = RCTBarcode.m; sourceTree = "<group>"; };
/* End PBXFileReference section */

/* Begin PBXFrameworksBuildPhase section */
		58B511D81A9E6C8500147676 /* Frameworks */ = {
			isa = PBXFrameworksBuildPhase;
			buildActionMask = 2147483647;
			files = (
				3670C47F2181B31500A912D0 /* libzbar.a in Frameworks */,
			);
			runOnlyForDeploymentPostprocessing = 0;
		};
/* End PBXFrameworksBuildPhase section */

/* Begin PBXGroup section */
		134814211AA4EA7D00B7C361 /* Products */ = {
			isa = PBXGroup;
			children = (
				134814201AA4EA6300B7C361 /* libRCTBarcode.a */,
			);
			name = Products;
			sourceTree = "<group>";
		};
		3645F645218856080067EBE2 /* Util */ = {
			isa = PBXGroup;
			children = (
				36EE91D12182B18800FA342B /* ImageUtils.h */,
				36EE91D22182B1D000FA342B /* ImageUtils.m */,
			);
			path = Util;
			sourceTree = "<group>";
		};
		3670C2062181724A00A912D0 /* Decode */ = {
			isa = PBXGroup;
			children = (
				3670C2082181724A00A912D0 /* ZBarDecoder.h */,
				3670C20C2181724A00A912D0 /* ZBarDecoder.m */,
				36D4AF85218984620079E106 /* AVFormat.h */,
				36D4AF86218984970079E106 /* AVFormat.m */,
				3670C20A2181724A00A912D0 /* Result.h */,
				3670C20E2181724A00A912D0 /* Result.m */,
			);
			path = Decode;
			sourceTree = "<group>";
		};
		3670C4612181B31500A912D0 /* ZBarSDK */ = {
			isa = PBXGroup;
			children = (
				3670C4622181B31500A912D0 /* libzbar.a */,
				3670C4632181B31500A912D0 /* Resources */,
				3670C4682181B31500A912D0 /* Headers */,
			);
			path = ZBarSDK;
			sourceTree = "<group>";
		};
		3670C4632181B31500A912D0 /* Resources */ = {
			isa = PBXGroup;
			children = (
				3670C4642181B31500A912D0 /* zbar-helpicons.png */,
				3670C4652181B31500A912D0 /* zbar-samples.png */,
				3670C4662181B31500A912D0 /* zbar-help.html */,
				3670C4672181B31500A912D0 /* zbar-back.png */,
			);
			path = Resources;
			sourceTree = "<group>";
		};
		3670C4682181B31500A912D0 /* Headers */ = {
			isa = PBXGroup;
			children = (
				3670C4692181B31500A912D0 /* ZBarSDK */,
			);
			path = Headers;
			sourceTree = "<group>";
		};
		3670C4692181B31500A912D0 /* ZBarSDK */ = {
			isa = PBXGroup;
			children = (
				3670C46A2181B31500A912D0 /* ZBarCaptureReader.h */,
				3670C46B2181B31500A912D0 /* ZBarImage.h */,
				3670C46C2181B31500A912D0 /* zbar */,
				3670C4762181B31500A912D0 /* ZBarReaderController.h */,
				3670C4772181B31500A912D0 /* ZBarReaderView.h */,
				3670C4782181B31500A912D0 /* ZBarHelpController.h */,
				3670C4792181B31500A912D0 /* zbar.h */,
				3670C47A2181B31500A912D0 /* ZBarCameraSimulator.h */,
				3670C47B2181B31500A912D0 /* ZBarSymbol.h */,
				3670C47C2181B31500A912D0 /* ZBarImageScanner.h */,
				3670C47D2181B31500A912D0 /* ZBarSDK.h */,
				3670C47E2181B31500A912D0 /* ZBarReaderViewController.h */,
			);
			path = ZBarSDK;
			sourceTree = "<group>";
		};
		3670C46C2181B31500A912D0 /* zbar */ = {
			isa = PBXGroup;
			children = (
				3670C46D2181B31500A912D0 /* Processor.h */,
				3670C46E2181B31500A912D0 /* Symbol.h */,
				3670C46F2181B31500A912D0 /* Decoder.h */,
				3670C4702181B31500A912D0 /* Window.h */,
				3670C4712181B31500A912D0 /* ImageScanner.h */,
				3670C4722181B31500A912D0 /* Scanner.h */,
				3670C4732181B31500A912D0 /* Video.h */,
				3670C4742181B31500A912D0 /* Exception.h */,
				3670C4752181B31500A912D0 /* Image.h */,
			);
			path = zbar;
			sourceTree = "<group>";
		};
		58B511D21A9E6C8500147676 = {
			isa = PBXGroup;
			children = (
				B3E7B5891CC2AC0600A0062D /* RCTBarcode.m */,
				36075EFA2182FBE6007013E7 /* RCTBarcodeScanViewManager.m */,
				3627C8272186BC6500D793B2 /* RCTBarcodeScanView.h */,
				3627C8282186BC7400D793B2 /* RCTBarcodeScanView.m */,
				3670C4AA2181BB7400A912D0 /* Error.h */,
				3670C2062181724A00A912D0 /* Decode */,
				3645F645218856080067EBE2 /* Util */,
				3670C4612181B31500A912D0 /* ZBarSDK */,
				134814211AA4EA7D00B7C361 /* Products */,
			);
			sourceTree = "<group>";
		};
/* End PBXGroup section */

/* Begin PBXNativeTarget section */
		58B511DA1A9E6C8500147676 /* RCTBarcode */ = {
			isa = PBXNativeTarget;
			buildConfigurationList = 58B511EF1A9E6C8500147676 /* Build configuration list for PBXNativeTarget "RCTBarcode" */;
			buildPhases = (
				58B511D71A9E6C8500147676 /* Sources */,
				58B511D81A9E6C8500147676 /* Frameworks */,
				58B511D91A9E6C8500147676 /* CopyFiles */,
			);
			buildRules = (
			);
			dependencies = (
			);
			name = RCTBarcode;
			productName = RCTDataManager;
			productReference = 134814201AA4EA6300B7C361 /* libRCTBarcode.a */;
			productType = "com.apple.product-type.library.static";
		};
/* End PBXNativeTarget section */

/* Begin PBXProject section */
		58B511D31A9E6C8500147676 /* Project object */ = {
			isa = PBXProject;
			attributes = {
				LastUpgradeCheck = 0830;
				ORGANIZATIONNAME = Facebook;
				TargetAttributes = {
					58B511DA1A9E6C8500147676 = {
						CreatedOnToolsVersion = 6.1.1;
					};
				};
			};
			buildConfigurationList = 58B511D61A9E6C8500147676 /* Build configuration list for PBXProject "RCTBarcode" */;
			compatibilityVersion = "Xcode 3.2";
			developmentRegion = English;
			hasScannedForEncodings = 0;
			knownRegions = (
				en,
			);
			mainGroup = 58B511D21A9E6C8500147676;
			productRefGroup = 58B511D21A9E6C8500147676;
			projectDirPath = "";
			projectRoot = "";
			targets = (
				58B511DA1A9E6C8500147676 /* RCTBarcode */,
			);
		};
/* End PBXProject section */

/* Begin PBXSourcesBuildPhase section */
		58B511D71A9E6C8500147676 /* Sources */ = {
			isa = PBXSourcesBuildPhase;
			buildActionMask = 2147483647;
			files = (
				3627C8292186BC7400D793B2 /* RCTBarcodeScanView.m in Sources */,
				B3E7B58A1CC2AC0600A0062D /* RCTBarcode.m in Sources */,
				3670C2122181724A00A912D0 /* Result.m in Sources */,
				36075EFB2182FBE6007013E7 /* RCTBarcodeScanViewManager.m in Sources */,
				36D4AF87218984970079E106 /* AVFormat.m in Sources */,
				36EE91D32182B1D000FA342B /* ImageUtils.m in Sources */,
				3670C2102181724A00A912D0 /* ZBarDecoder.m in Sources */,
			);
			runOnlyForDeploymentPostprocessing = 0;
		};
/* End PBXSourcesBuildPhase section */

/* Begin XCBuildConfiguration section */
		58B511ED1A9E6C8500147676 /* Debug */ = {
			isa = XCBuildConfiguration;
			buildSettings = {
				ALWAYS_SEARCH_USER_PATHS = NO;
				CLANG_CXX_LANGUAGE_STANDARD = "gnu++0x";
				CLANG_CXX_LIBRARY = "libc++";
				CLANG_ENABLE_MODULES = YES;
				CLANG_ENABLE_OBJC_ARC = YES;
				CLANG_WARN_BOOL_CONVERSION = YES;
				CLANG_WARN_CONSTANT_CONVERSION = YES;
				CLANG_WARN_DIRECT_OBJC_ISA_USAGE = YES_ERROR;
				CLANG_WARN_EMPTY_BODY = YES;
				CLANG_WARN_ENUM_CONVERSION = YES;
				CLANG_WARN_INFINITE_RECURSION = YES;
				CLANG_WARN_INT_CONVERSION = YES;
				CLANG_WARN_OBJC_ROOT_CLASS = YES_ERROR;
				CLANG_WARN_SUSPICIOUS_MOVE = YES;
				CLANG_WARN_UNREACHABLE_CODE = YES;
				CLANG_WARN__DUPLICATE_METHOD_MATCH = YES;
				COPY_PHASE_STRIP = NO;
				ENABLE_STRICT_OBJC_MSGSEND = YES;
				ENABLE_TESTABILITY = YES;
				GCC_C_LANGUAGE_STANDARD = gnu99;
				GCC_DYNAMIC_NO_PIC = NO;
				GCC_NO_COMMON_BLOCKS = YES;
				GCC_OPTIMIZATION_LEVEL = 0;
				GCC_PREPROCESSOR_DEFINITIONS = (
					"DEBUG=1",
					"$(inherited)",
				);
				GCC_SYMBOLS_PRIVATE_EXTERN = NO;
				GCC_WARN_64_TO_32_BIT_CONVERSION = YES;
				GCC_WARN_ABOUT_RETURN_TYPE = YES_ERROR;
				GCC_WARN_UNDECLARED_SELECTOR = YES;
				GCC_WARN_UNINITIALIZED_AUTOS = YES_AGGRESSIVE;
				GCC_WARN_UNUSED_FUNCTION = YES;
				GCC_WARN_UNUSED_VARIABLE = YES;
				IPHONEOS_DEPLOYMENT_TARGET = 8.0;
				MTL_ENABLE_DEBUG_INFO = YES;
				ONLY_ACTIVE_ARCH = YES;
				SDKROOT = iphoneos;
			};
			name = Debug;
		};
		58B511EE1A9E6C8500147676 /* Release */ = {
			isa = XCBuildConfiguration;
			buildSettings = {
				ALWAYS_SEARCH_USER_PATHS = NO;
				CLANG_CXX_LANGUAGE_STANDARD = "gnu++0x";
				CLANG_CXX_LIBRARY = "libc++";
				CLANG_ENABLE_MODULES = YES;
				CLANG_ENABLE_OBJC_ARC = YES;
				CLANG_WARN_BOOL_CONVERSION = YES;
				CLANG_WARN_CONSTANT_CONVERSION = YES;
				CLANG_WARN_DIRECT_OBJC_ISA_USAGE = YES_ERROR;
				CLANG_WARN_EMPTY_BODY = YES;
				CLANG_WARN_ENUM_CONVERSION = YES;
				CLANG_WARN_INFINITE_RECURSION = YES;
				CLANG_WARN_INT_CONVERSION = YES;
				CLANG_WARN_OBJC_ROOT_CLASS = YES_ERROR;
				CLANG_WARN_SUSPICIOUS_MOVE = YES;
				CLANG_WARN_UNREACHABLE_CODE = YES;
				CLANG_WARN__DUPLICATE_METHOD_MATCH = YES;
				COPY_PHASE_STRIP = YES;
				ENABLE_NS_ASSERTIONS = NO;
				ENABLE_STRICT_OBJC_MSGSEND = YES;
				GCC_C_LANGUAGE_STANDARD = gnu99;
				GCC_NO_COMMON_BLOCKS = YES;
				GCC_WARN_64_TO_32_BIT_CONVERSION = YES;
				GCC_WARN_ABOUT_RETURN_TYPE = YES_ERROR;
				GCC_WARN_UNDECLARED_SELECTOR = YES;
				GCC_WARN_UNINITIALIZED_AUTOS = YES_AGGRESSIVE;
				GCC_WARN_UNUSED_FUNCTION = YES;
				GCC_WARN_UNUSED_VARIABLE = YES;
				IPHONEOS_DEPLOYMENT_TARGET = 8.0;
				MTL_ENABLE_DEBUG_INFO = NO;
				SDKROOT = iphoneos;
				VALIDATE_PRODUCT = YES;
			};
			name = Release;
		};
		58B511F01A9E6C8500147676 /* Debug */ = {
			isa = XCBuildConfiguration;
			buildSettings = {
				CLANG_WARN_BLOCK_CAPTURE_AUTORELEASING = YES;
				GCC_WARN_SHADOW = YES;
				HEADER_SEARCH_PATHS = (
					"$(inherited)",
					/Applications/Xcode.app/Contents/Developer/Toolchains/XcodeDefault.xctoolchain/usr/include,
					"$(SRCROOT)/../../../React/**",
					"$(SRCROOT)/../../react-native/React/**",
				);
				LIBRARY_SEARCH_PATHS = (
					"$(inherited)",
					"$(PROJECT_DIR)/ZBarSDK",
				);
				OTHER_LDFLAGS = "-ObjC";
				PRODUCT_NAME = RCTBarcode;
				SKIP_INSTALL = YES;
			};
			name = Debug;
		};
		58B511F11A9E6C8500147676 /* Release */ = {
			isa = XCBuildConfiguration;
			buildSettings = {
				CLANG_WARN_BLOCK_CAPTURE_AUTORELEASING = YES;
				GCC_WARN_SHADOW = YES;
				HEADER_SEARCH_PATHS = (
					"$(inherited)",
					/Applications/Xcode.app/Contents/Developer/Toolchains/XcodeDefault.xctoolchain/usr/include,
					"$(SRCROOT)/../../../React/**",
					"$(SRCROOT)/../../react-native/React/**",
				);
				LIBRARY_SEARCH_PATHS = (
					"$(inherited)",
					"$(PROJECT_DIR)/ZBarSDK",
				);
				OTHER_LDFLAGS = "-ObjC";
				PRODUCT_NAME = RCTBarcode;
				SKIP_INSTALL = YES;
			};
			name = Release;
		};
/* End XCBuildConfiguration section */

/* Begin XCConfigurationList section */
		58B511D61A9E6C8500147676 /* Build configuration list for PBXProject "RCTBarcode" */ = {
			isa = XCConfigurationList;
			buildConfigurations = (
				58B511ED1A9E6C8500147676 /* Debug */,
				58B511EE1A9E6C8500147676 /* Release */,
			);
			defaultConfigurationIsVisible = 0;
			defaultConfigurationName = Release;
		};
		58B511EF1A9E6C8500147676 /* Build configuration list for PBXNativeTarget "RCTBarcode" */ = {
			isa = XCConfigurationList;
			buildConfigurations = (
				58B511F01A9E6C8500147676 /* Debug */,
				58B511F11A9E6C8500147676 /* Release */,
			);
			defaultConfigurationIsVisible = 0;
			defaultConfigurationName = Release;
		};
/* End XCConfigurationList section */
	};
	rootObject = 58B511D31A9E6C8500147676 /* Project object */;
}
